PODS:
  - LuckyPropertyWrapper (0.2.6)

DEPENDENCIES:
  - LuckyPropertyWrapper (from `../`)

EXTERNAL SOURCES:
  LuckyPropertyWrapper:
    :path: "../"

SPEC CHECKSUMS:
  LuckyPropertyWrapper: 822afc253bbf46c189d1990c2ddfc5fa5e682dd6

PODFILE CHECKSUM: 7c5c86c31a9e4582760e93a69c73183600010df3

COCOAPODS: 1.16.2
